
Microsoft Visual Studio Solution File, Format Version 12.00
# Visual Studio 14
VisualStudioVersion = 14.0.25420.1
MinimumVisualStudioVersion = 10.0.40219.1
Project("{FAE04EC0-301F-11D3-BF4B-00C04F79EFBC}") = "Win.NotasEscolares", "Win.NotasEscolares\Win.NotasEscolares.csproj", "{FDB05D45-2188-4103-A9ED-BF067ED49130}"
EndProject
Project("{FAE04EC0-301F-11D3-BF4B-00C04F79EFBC}") = "BL.NotasEscolares", "BL.NotasEscolares\BL.NotasEscolares.csproj", "{8DBA3DE5-6348-475C-BCE4-976E1C9B474F}"
EndProject
Global
	GlobalSection(SolutionConfigurationPlatforms) = preSolution
		Debug|Any CPU = Debug|Any CPU
		Release|Any CPU = Release|Any CPU
	EndGlobalSection
	GlobalSection(ProjectConfigurationPlatforms) = postSolution
		{FDB05D45-2188-4103-A9ED-BF067ED49130}.Debug|Any CPU.ActiveCfg = Debug|Any CPU
		{FDB05D45-2188-4103-A9ED-BF067ED49130}.Debug|Any CPU.Build.0 = Debug|Any CPU
		{FDB05D45-2188-4103-A9ED-BF067ED49130}.Release|Any CPU.ActiveCfg = Release|Any CPU
		{FDB05D45-2188-4103-A9ED-BF067ED49130}.Release|Any CPU.Build.0 = Release|Any CPU
		{8DBA3DE5-6348-475C-BCE4-976E1C9B474F}.Debug|Any CPU.ActiveCfg = Debug|Any CPU
		{8DBA3DE5-6348-475C-BCE4-976E1C9B474F}.Debug|Any CPU.Build.0 = Debug|Any CPU
		{8DBA3DE5-6348-475C-BCE4-976E1C9B474F}.Release|Any CPU.ActiveCfg = Release|Any CPU
		{8DBA3DE5-6348-475C-BCE4-976E1C9B474F}.Release|Any CPU.Build.0 = Release|Any CPU
	EndGlobalSection
	GlobalSection(SolutionProperties) = preSolution
		HideSolutionNode = FALSE
	EndGlobalSection
EndGlobal
